
Microsoft Visual Studio Solution File, Format Version 12.00
# Visual Studio 15
VisualStudioVersion = 15.0.28010.2003
MinimumVisualStudioVersion = 10.0.40219.1
Project("{8BC9CEB8-8B4A-11D0-8D11-00A0C91BC942}") = "PruebaTarea1", "PruebaTarea1.vcxproj", "{4D4D6F91-8F2B-4727-A926-17ABA24C2396}"
EndProject
Global
	GlobalSection(SolutionConfigurationPlatforms) = preSolution
		Debug|x64 = Debug|x64
		Debug|x86 = Debug|x86
		Release|x64 = Release|x64
		Release|x86 = Release|x86
	EndGlobalSection
	GlobalSection(ProjectConfigurationPlatforms) = postSolution
		{4D4D6F91-8F2B-4727-A926-17ABA24C2396}.Debug|x64.ActiveCfg = Debug|x64
		{4D4D6F91-8F2B-4727-A926-17ABA24C2396}.Debug|x64.Build.0 = Debug|x64
		{4D4D6F91-8F2B-4727-A926-17ABA24C2396}.Debug|x86.ActiveCfg = Debug|Win32
		{4D4D6F91-8F2B-4727-A926-17ABA24C2396}.Debug|x86.Build.0 = Debug|Win32
		{4D4D6F91-8F2B-4727-A926-17ABA24C2396}.Release|x64.ActiveCfg = Release|x64
		{4D4D6F91-8F2B-4727-A926-17ABA24C2396}.Release|x64.Build.0 = Release|x64
		{4D4D6F91-8F2B-4727-A926-17ABA24C2396}.Release|x86.ActiveCfg = Release|Win32
		{4D4D6F91-8F2B-4727-A926-17ABA24C2396}.Release|x86.Build.0 = Release|Win32
	EndGlobalSection
	GlobalSection(SolutionProperties) = preSolution
		HideSolutionNode = FALSE
	EndGlobalSection
	GlobalSection(ExtensibilityGlobals) = postSolution
		SolutionGuid = {E0D635E9-551F-41AD-9D58-BC46DEE1FB35}
	EndGlobalSection
EndGlobal
